
Microsoft Visual Studio Solution File, Format Version 12.00
# Visual Studio Version 16
VisualStudioVersion = 16.0.810.16
MinimumVisualStudioVersion = 10.0.40219.1
Project("{FAE04EC0-301F-11D3-BF4B-00C04F79EFBC}") = "CollectionContentInset.Android", "CollectionContentInset.Android\CollectionContentInset.Android.csproj", "{E51487CB-03C3-4099-B037-93193CA55C8F}"
EndProject
Project("{FAE04EC0-301F-11D3-BF4B-00C04F79EFBC}") = "CollectionContentInset.iOS", "CollectionContentInset.iOS\CollectionContentInset.iOS.csproj", "{19F17EA5-DA45-4542-B226-0ADB22D80660}"
EndProject
Project("{FAE04EC0-301F-11D3-BF4B-00C04F79EFBC}") = "CollectionContentInset", "CollectionContentInset\CollectionContentInset.csproj", "{8FCEFF06-D910-40CF-8160-6785746FE909}"
EndProject
Global
	GlobalSection(SolutionConfigurationPlatforms) = preSolution
		Debug|Any CPU = Debug|Any CPU
		Release|Any CPU = Release|Any CPU
		Debug|iPhoneSimulator = Debug|iPhoneSimulator
		Release|iPhoneSimulator = Release|iPhoneSimulator
		Debug|iPhone = Debug|iPhone
		Release|iPhone = Release|iPhone
	EndGlobalSection
	GlobalSection(ProjectConfigurationPlatforms) = postSolution
		{E51487CB-03C3-4099-B037-93193CA55C8F}.Debug|Any CPU.ActiveCfg = Debug|Any CPU
		{E51487CB-03C3-4099-B037-93193CA55C8F}.Debug|Any CPU.Build.0 = Debug|Any CPU
		{E51487CB-03C3-4099-B037-93193CA55C8F}.Release|Any CPU.ActiveCfg = Release|Any CPU
		{E51487CB-03C3-4099-B037-93193CA55C8F}.Release|Any CPU.Build.0 = Release|Any CPU
		{E51487CB-03C3-4099-B037-93193CA55C8F}.Debug|iPhoneSimulator.ActiveCfg = Debug|Any CPU
		{E51487CB-03C3-4099-B037-93193CA55C8F}.Debug|iPhoneSimulator.Build.0 = Debug|Any CPU
		{E51487CB-03C3-4099-B037-93193CA55C8F}.Release|iPhoneSimulator.ActiveCfg = Release|Any CPU
		{E51487CB-03C3-4099-B037-93193CA55C8F}.Release|iPhoneSimulator.Build.0 = Release|Any CPU
		{E51487CB-03C3-4099-B037-93193CA55C8F}.Debug|iPhone.ActiveCfg = Debug|Any CPU
		{E51487CB-03C3-4099-B037-93193CA55C8F}.Debug|iPhone.Build.0 = Debug|Any CPU
		{E51487CB-03C3-4099-B037-93193CA55C8F}.Release|iPhone.ActiveCfg = Release|Any CPU
		{E51487CB-03C3-4099-B037-93193CA55C8F}.Release|iPhone.Build.0 = Release|Any CPU
		{19F17EA5-DA45-4542-B226-0ADB22D80660}.Debug|Any CPU.ActiveCfg = Debug|iPhoneSimulator
		{19F17EA5-DA45-4542-B226-0ADB22D80660}.Debug|Any CPU.Build.0 = Debug|iPhoneSimulator
		{19F17EA5-DA45-4542-B226-0ADB22D80660}.Release|Any CPU.ActiveCfg = Release|iPhoneSimulator
		{19F17EA5-DA45-4542-B226-0ADB22D80660}.Release|Any CPU.Build.0 = Release|iPhoneSimulator
		{19F17EA5-DA45-4542-B226-0ADB22D80660}.Debug|iPhoneSimulator.ActiveCfg = Debug|iPhoneSimulator
		{19F17EA5-DA45-4542-B226-0ADB22D80660}.Debug|iPhoneSimulator.Build.0 = Debug|iPhoneSimulator
		{19F17EA5-DA45-4542-B226-0ADB22D80660}.Release|iPhoneSimulator.ActiveCfg = Release|iPhoneSimulator
		{19F17EA5-DA45-4542-B226-0ADB22D80660}.Release|iPhoneSimulator.Build.0 = Release|iPhoneSimulator
		{19F17EA5-DA45-4542-B226-0ADB22D80660}.Debug|iPhone.ActiveCfg = Debug|iPhone
		{19F17EA5-DA45-4542-B226-0ADB22D80660}.Debug|iPhone.Build.0 = Debug|iPhone
		{19F17EA5-DA45-4542-B226-0ADB22D80660}.Release|iPhone.ActiveCfg = Release|iPhone
		{19F17EA5-DA45-4542-B226-0ADB22D80660}.Release|iPhone.Build.0 = Release|iPhone
		{8FCEFF06-D910-40CF-8160-6785746FE909}.Debug|Any CPU.ActiveCfg = Debug|Any CPU
		{8FCEFF06-D910-40CF-8160-6785746FE909}.Debug|Any CPU.Build.0 = Debug|Any CPU
		{8FCEFF06-D910-40CF-8160-6785746FE909}.Release|Any CPU.ActiveCfg = Release|Any CPU
		{8FCEFF06-D910-40CF-8160-6785746FE909}.Release|Any CPU.Build.0 = Release|Any CPU
		{8FCEFF06-D910-40CF-8160-6785746FE909}.Debug|iPhoneSimulator.ActiveCfg = Debug|Any CPU
		{8FCEFF06-D910-40CF-8160-6785746FE909}.Debug|iPhoneSimulator.Build.0 = Debug|Any CPU
		{8FCEFF06-D910-40CF-8160-6785746FE909}.Release|iPhoneSimulator.ActiveCfg = Release|Any CPU
		{8FCEFF06-D910-40CF-8160-6785746FE909}.Release|iPhoneSimulator.Build.0 = Release|Any CPU
		{8FCEFF06-D910-40CF-8160-6785746FE909}.Debug|iPhone.ActiveCfg = Debug|Any CPU
		{8FCEFF06-D910-40CF-8160-6785746FE909}.Debug|iPhone.Build.0 = Debug|Any CPU
		{8FCEFF06-D910-40CF-8160-6785746FE909}.Release|iPhone.ActiveCfg = Release|Any CPU
		{8FCEFF06-D910-40CF-8160-6785746FE909}.Release|iPhone.Build.0 = Release|Any CPU
	EndGlobalSection
	GlobalSection(SolutionProperties) = preSolution
		HideSolutionNode = FALSE
	EndGlobalSection
	GlobalSection(ExtensibilityGlobals) = postSolution
		SolutionGuid = {48F0B815-63E6-4BC8-9026-CBF321033B3F}
	EndGlobalSection
EndGlobal
